
Microsoft Visual Studio Solution File, Format Version 12.00
# Visual Studio Version 17
VisualStudioVersion = 17.7.34031.279
MinimumVisualStudioVersion = 10.0.40219.1
Project("{9A19103F-16F7-4668-BE54-9A1E7A4F7556}") = "InspiringQuotes", "InspiringQuotes\InspiringQuotes.csproj", "{4FC717C9-0352-4527-A17A-D9FB841021F4}"
EndProject
Project("{FAE04EC0-301F-11D3-BF4B-00C04F79EFBC}") = "EnglishVocabulary", "EnglishVocabulary\EnglishVocabulary.csproj", "{68834547-D220-4605-9674-C5C2FC03814B}"
EndProject
Global
	GlobalSection(SolutionConfigurationPlatforms) = preSolution
		Debug|Any CPU = Debug|Any CPU
		Release|Any CPU = Release|Any CPU
	EndGlobalSection
	GlobalSection(ProjectConfigurationPlatforms) = postSolution
		{4FC717C9-0352-4527-A17A-D9FB841021F4}.Debug|Any CPU.ActiveCfg = Debug|Any CPU
		{4FC717C9-0352-4527-A17A-D9FB841021F4}.Debug|Any CPU.Build.0 = Debug|Any CPU
		{4FC717C9-0352-4527-A17A-D9FB841021F4}.Release|Any CPU.ActiveCfg = Release|Any CPU
		{4FC717C9-0352-4527-A17A-D9FB841021F4}.Release|Any CPU.Build.0 = Release|Any CPU
		{68834547-D220-4605-9674-C5C2FC03814B}.Debug|Any CPU.ActiveCfg = Debug|Any CPU
		{68834547-D220-4605-9674-C5C2FC03814B}.Debug|Any CPU.Build.0 = Debug|Any CPU
		{68834547-D220-4605-9674-C5C2FC03814B}.Release|Any CPU.ActiveCfg = Release|Any CPU
		{68834547-D220-4605-9674-C5C2FC03814B}.Release|Any CPU.Build.0 = Release|Any CPU
	EndGlobalSection
	GlobalSection(SolutionProperties) = preSolution
		HideSolutionNode = FALSE
	EndGlobalSection
	GlobalSection(ExtensibilityGlobals) = postSolution
		SolutionGuid = {B4CCD102-F646-4D1C-AA9C-0107E4B1688D}
	EndGlobalSection
EndGlobal
