
Microsoft Visual Studio Solution File, Format Version 12.00
# Visual Studio Version 17
VisualStudioVersion = 17.7.34031.279
MinimumVisualStudioVersion = 10.0.40219.1
Project("{9A19103F-16F7-4668-BE54-9A1E7A4F7556}") = "DataBindingOneObject", "DataBindingOneObject\DataBindingOneObject.csproj", "{1A2DF513-2E3D-4049-A577-C60B9B97C01D}"
EndProject
Global
	GlobalSection(SolutionConfigurationPlatforms) = preSolution
		Debug|Any CPU = Debug|Any CPU
		Release|Any CPU = Release|Any CPU
	EndGlobalSection
	GlobalSection(ProjectConfigurationPlatforms) = postSolution
		{1A2DF513-2E3D-4049-A577-C60B9B97C01D}.Debug|Any CPU.ActiveCfg = Debug|Any CPU
		{1A2DF513-2E3D-4049-A577-C60B9B97C01D}.Debug|Any CPU.Build.0 = Debug|Any CPU
		{1A2DF513-2E3D-4049-A577-C60B9B97C01D}.Release|Any CPU.ActiveCfg = Release|Any CPU
		{1A2DF513-2E3D-4049-A577-C60B9B97C01D}.Release|Any CPU.Build.0 = Release|Any CPU
	EndGlobalSection
	GlobalSection(SolutionProperties) = preSolution
		HideSolutionNode = FALSE
	EndGlobalSection
	GlobalSection(ExtensibilityGlobals) = postSolution
		SolutionGuid = {25950DA0-6F6C-4A76-A4AC-57BB3B2BCD16}
	EndGlobalSection
EndGlobal
